
Microsoft Visual Studio Solution File, Format Version 12.00
# Visual Studio Version 17
VisualStudioVersion = 17.2.32630.192
MinimumVisualStudioVersion = 10.0.40219.1
Project("{FAE04EC0-301F-11D3-BF4B-00C04F79EFBC}") = "27.3", "27.3\27.3.csproj", "{28DF4DAD-4F7B-4C6D-851A-51461B9EA01C}"
EndProject
Global
	GlobalSection(SolutionConfigurationPlatforms) = preSolution
		Debug|Any CPU = Debug|Any CPU
		Release|Any CPU = Release|Any CPU
	EndGlobalSection
	GlobalSection(ProjectConfigurationPlatforms) = postSolution
		{28DF4DAD-4F7B-4C6D-851A-51461B9EA01C}.Debug|Any CPU.ActiveCfg = Debug|Any CPU
		{28DF4DAD-4F7B-4C6D-851A-51461B9EA01C}.Debug|Any CPU.Build.0 = Debug|Any CPU
		{28DF4DAD-4F7B-4C6D-851A-51461B9EA01C}.Release|Any CPU.ActiveCfg = Release|Any CPU
		{28DF4DAD-4F7B-4C6D-851A-51461B9EA01C}.Release|Any CPU.Build.0 = Release|Any CPU
	EndGlobalSection
	GlobalSection(SolutionProperties) = preSolution
		HideSolutionNode = FALSE
	EndGlobalSection
	GlobalSection(ExtensibilityGlobals) = postSolution
		SolutionGuid = {03B59BE3-1450-490C-AC26-F8DCDD99751D}
	EndGlobalSection
EndGlobal
